PODS:
  - AFNetworking (3.1.0):
    - AFNetworking/NSURLSession (= 3.1.0)
    - AFNetworking/Reachability (= 3.1.0)
    - AFNetworking/Security (= 3.1.0)
    - AFNetworking/Serialization (= 3.1.0)
    - AFNetworking/UIKit (= 3.1.0)
  - AFNetworking/NSURLSession (3.1.0):
    - AFNetworking/Reachability
    - AFNetworking/Security
    - AFNetworking/Serialization
  - AFNetworking/Reachability (3.1.0)
  - AFNetworking/Security (3.1.0)
  - AFNetworking/Serialization (3.1.0)
  - AFNetworking/UIKit (3.1.0):
    - AFNetworking/NSURLSession
  - Masonry (1.0.2)
  - MBProgressHUD (0.9.2)
  - MJExtension (3.0.13)
  - MJRefresh (3.1.12)
  - SDWebImage (4.0.0-beta2):
    - SDWebImage/Core (= 4.0.0-beta2)
  - SDWebImage/Core (4.0.0-beta2)
  - UMengAnalytics (4.1.2)

DEPENDENCIES:
  - AFNetworking (~> 3.0)
  - Masonry
  - MBProgressHUD (~> 0.9.2)
  - MJExtension
  - MJRefresh
  - SDWebImage (~> 4.0.0-beta2)
  - UMengAnalytics

SPEC CHECKSUMS:
  AFNetworking: 5e0e199f73d8626b11e79750991f5d173d1f8b67
  Masonry: 7c429b56da9d4ee0bbb3ed77a5ea710d6a5df39e
  MBProgressHUD: 1569cf7ace17a8bac47aabfbb8580a49690386d1
  MJExtension: 5932755f451458eefa24239358817f8d291240c7
  MJRefresh: b96cdb21c4aa75a7b07654311ab2f315c497e806
  SDWebImage: e379f33106cf8d6766f970c0ef1c3fb609c94d78
  UMengAnalytics: 8d95752776c32f5b954d40edc7f23944882a7c14

PODFILE CHECKSUM: f3b3e5b20efa5af8e2a575b066ecff0de2719b2c

COCOAPODS: 1.0.1
